{
  "requires": true,
  "lockfileVersion": 1,
  "dependencies": {
    "bulma-timeline": {
      "version": "3.0.4",
      "resolved": "https://registry.npmjs.org/bulma-timeline/-/bulma-timeline-3.0.4.tgz",
      "integrity": "sha512-gCUOcSUuzHoeVMkCpLF49j5Z5yl78XQ+KgJcT+1ju5WIGgBgVytRUob/dw5NHAxPLO2rmcvwYNbCJFp7w4WT4Q=="
    },
    "vivus": {
      "version": "0.4.4",
      "resolved": "https://registry.npmjs.org/vivus/-/vivus-0.4.4.tgz",
      "integrity": "sha1-NDY+uDPV9v4LY6ks/M/xStCZukQ="
    }
  }
}
